
Microsoft Visual Studio Solution File, Format Version 11.00
# Visual Studio 2010
Project("{FAE04EC0-301F-11D3-BF4B-00C04F79EFBC}") = "PhoneApp1", "PhoneApp1\PhoneApp1.csproj", "{FE308FC2-C254-43FE-8646-C460B9D887FB}"
EndProject
Global
	GlobalSection(SolutionConfigurationPlatforms) = preSolution
		Debug|Any CPU = Debug|Any CPU
		Release|Any CPU = Release|Any CPU
	EndGlobalSection
	GlobalSection(ProjectConfigurationPlatforms) = postSolution
		{FE308FC2-C254-43FE-8646-C460B9D887FB}.Debug|Any CPU.ActiveCfg = Debug|Any CPU
		{FE308FC2-C254-43FE-8646-C460B9D887FB}.Debug|Any CPU.Build.0 = Debug|Any CPU
		{FE308FC2-C254-43FE-8646-C460B9D887FB}.Debug|Any CPU.Deploy.0 = Debug|Any CPU
		{FE308FC2-C254-43FE-8646-C460B9D887FB}.Release|Any CPU.ActiveCfg = Release|Any CPU
		{FE308FC2-C254-43FE-8646-C460B9D887FB}.Release|Any CPU.Build.0 = Release|Any CPU
		{FE308FC2-C254-43FE-8646-C460B9D887FB}.Release|Any CPU.Deploy.0 = Release|Any CPU
	EndGlobalSection
	GlobalSection(SolutionProperties) = preSolution
		HideSolutionNode = FALSE
	EndGlobalSection
EndGlobal
